{
  "nodes": {
    "cmake-libs": {
      "flake": false,
      "locked": {
        "lastModified": 1760482665,
        "narHash": "sha256-9dti6kqeYympu+DR5mCqIGeIdBqjf4ACCoFCgI2NwIw=",
        "owner": "p1x3l101-10",
        "repo": "cmake-libs",
        "rev": "7bdb2764a3b32c74fad462c99c6ecf80d5dbfeac",
        "type": "github"
      },
      "original": {
        "owner": "p1x3l101-10",
        "repo": "cmake-libs",
        "type": "github"
      }
    },
    "flake-utils": {
      "inputs": {
        "systems": [
          "systems"
        ]
      },
      "locked": {
        "lastModified": 1731533236,
        "narHash": "sha256-l0KFg5HjrsfsO/JpG+r7fRrqm12kzFHyUHqHCVpMMbI=",
        "owner": "numtide",
        "repo": "flake-utils",
        "rev": "11707dc2f618dd54ca8739b309ec4fc024de578b",
        "type": "github"
      },
      "original": {
        "owner": "numtide",
        "repo": "flake-utils",
        "type": "github"
      }
    },
    "nixpkgs": {
      "locked": {
        "lastModified": 1760580664,
        "narHash": "sha256-/YdfibIrnqXAL8p5kqCU345mzpHoOtuVIkMiI2pF4Dc=",
        "owner": "NixOS",
        "repo": "nixpkgs",
        "rev": "98ff3f9af2684f6136c24beef08f5e2033fc5389",
        "type": "github"
      },
      "original": {
        "owner": "NixOS",
        "ref": "nixos-25.05",
        "repo": "nixpkgs",
        "type": "github"
      }
    },
    "root": {
      "inputs": {
        "cmake-libs": "cmake-libs",
        "flake-utils": "flake-utils",
        "nixpkgs": "nixpkgs",
        "system-lib": "system-lib",
        "systems": "systems"
      }
    },
    "system-lib": {
      "inputs": {
        "flake-utils": [
          "flake-utils"
        ],
        "nixpkgs": [
          "nixpkgs"
        ],
        "systems": [
          "systems"
        ]
      },
      "locked": {
        "dir": "lib",
        "lastModified": 1760725297,
        "narHash": "sha256-tk9QUIEUUzG76YEHW/gUcS3zgogr3fOUpRC4oTpQYbY=",
        "owner": "p1x3l101-10",
        "repo": "nixos",
        "rev": "00ddfb488ad4f4016431df8693858fedc86aba32",
        "type": "github"
      },
      "original": {
        "dir": "lib",
        "owner": "p1x3l101-10",
        "repo": "nixos",
        "type": "github"
      }
    },
    "systems": {
      "locked": {
        "lastModified": 1680978846,
        "narHash": "sha256-Gtqg8b/v49BFDpDetjclCYXm8mAnTrUzR0JnE2nv5aw=",
        "owner": "nix-systems",
        "repo": "x86_64-linux",
        "rev": "2ecfcac5e15790ba6ce360ceccddb15ad16d08a8",
        "type": "github"
      },
      "original": {
        "owner": "nix-systems",
        "repo": "x86_64-linux",
        "type": "github"
      }
    }
  },
  "root": "root",
  "version": 7
}
